
Microsoft Visual Studio Solution File, Format Version 12.00
# Visual Studio Version 17
VisualStudioVersion = 17.0.32112.339
MinimumVisualStudioVersion = 10.0.40219.1
Project("{FAE04EC0-301F-11D3-BF4B-00C04F79EFBC}") = "BinarySearchTree", "BinarySearchTree\BinarySearchTree.csproj", "{9B621E5D-2684-4198-9B46-F2B4DE1DDDF5}"
EndProject
Global
	GlobalSection(SolutionConfigurationPlatforms) = preSolution
		Debug|Any CPU = Debug|Any CPU
		Release|Any CPU = Release|Any CPU
	EndGlobalSection
	GlobalSection(ProjectConfigurationPlatforms) = postSolution
		{9B621E5D-2684-4198-9B46-F2B4DE1DDDF5}.Debug|Any CPU.ActiveCfg = Debug|Any CPU
		{9B621E5D-2684-4198-9B46-F2B4DE1DDDF5}.Debug|Any CPU.Build.0 = Debug|Any CPU
		{9B621E5D-2684-4198-9B46-F2B4DE1DDDF5}.Release|Any CPU.ActiveCfg = Release|Any CPU
		{9B621E5D-2684-4198-9B46-F2B4DE1DDDF5}.Release|Any CPU.Build.0 = Release|Any CPU
	EndGlobalSection
	GlobalSection(SolutionProperties) = preSolution
		HideSolutionNode = FALSE
	EndGlobalSection
	GlobalSection(ExtensibilityGlobals) = postSolution
		SolutionGuid = {AAF7BE12-DA9B-4C95-BC62-6415159E79D1}
	EndGlobalSection
EndGlobal
